// !$*UTF8*$!
{
	archiveVersion = 1;
	classes = {
	};
	objectVersion = 46;
	objects = {

/* Begin PBXBuildFile section */
		22221CD81F7B0D0900788007 /* ChildUserCell.swift in Sources */ = {isa = PBXBuildFile; fileRef = 22221CD71F7B0D0900788007 /* ChildUserCell.swift */; };
		223F85FA1F7AA7250073A455 /* AppDelegate.swift in Sources */ = {isa = PBXBuildFile; fileRef = 223F85F91F7AA7250073A455 /* AppDelegate.swift */; };
		223F85FC1F7AA7250073A455 /* UserTreeController.swift in Sources */ = {isa = PBXBuildFile; fileRef = 223F85FB1F7AA7250073A455 /* UserTreeController.swift */; };
		223F85FF1F7AA7250073A455 /* Main.storyboard in Resources */ = {isa = PBXBuildFile; fileRef = 223F85FD1F7AA7250073A455 /* Main.storyboard */; };
		223F86011F7AA7250073A455 /* Assets.xcassets in Resources */ = {isa = PBXBuildFile; fileRef = 223F86001F7AA7250073A455 /* Assets.xcassets */; };
		223F86041F7AA7250073A455 /* LaunchScreen.storyboard in Resources */ = {isa = PBXBuildFile; fileRef = 223F86021F7AA7250073A455 /* LaunchScreen.storyboard */; };
		225B7E5D1F890992004070B8 /* RegisterContoller.swift in Sources */ = {isa = PBXBuildFile; fileRef = 225B7E5C1F890992004070B8 /* RegisterContoller.swift */; };
		225B7E5F1F8909C7004070B8 /* RCExtension.swift in Sources */ = {isa = PBXBuildFile; fileRef = 225B7E5E1F8909C7004070B8 /* RCExtension.swift */; };
		225B7E611F8911E3004070B8 /* LoginService.swift in Sources */ = {isa = PBXBuildFile; fileRef = 225B7E601F8911E3004070B8 /* LoginService.swift */; };
		225B7E651F891B12004070B8 /* UserPrefence.swift in Sources */ = {isa = PBXBuildFile; fileRef = 225B7E641F891B12004070B8 /* UserPrefence.swift */; };
		225B7E671F892465004070B8 /* WelcomeController.swift in Sources */ = {isa = PBXBuildFile; fileRef = 225B7E661F892465004070B8 /* WelcomeController.swift */; };
		225B7E691F8931C5004070B8 /* UserProfileService.swift in Sources */ = {isa = PBXBuildFile; fileRef = 225B7E681F8931C5004070B8 /* UserProfileService.swift */; };
		22694C2A1F8EE03A00140B4E /* CustomTextField.swift in Sources */ = {isa = PBXBuildFile; fileRef = 22694C291F8EE03A00140B4E /* CustomTextField.swift */; };
		228F11E61F7C6564002E8C97 /* MainController.swift in Sources */ = {isa = PBXBuildFile; fileRef = 228F11E51F7C6564002E8C97 /* MainController.swift */; };
		228F11E81F7C663A002E8C97 /* AdvertCell.swift in Sources */ = {isa = PBXBuildFile; fileRef = 228F11E71F7C663A002E8C97 /* AdvertCell.swift */; };
		22E0B65B1F7FFB9100CD2566 /* AccounDetailController.swift in Sources */ = {isa = PBXBuildFile; fileRef = 22E0B65A1F7FFB9100CD2566 /* AccounDetailController.swift */; };
		22E0B65E1F8015C200CD2566 /* CustomButton.swift in Sources */ = {isa = PBXBuildFile; fileRef = 22E0B65D1F8015C200CD2566 /* CustomButton.swift */; };
		22E0B6601F801DED00CD2566 /* AdvertController.swift in Sources */ = {isa = PBXBuildFile; fileRef = 22E0B65F1F801DED00CD2566 /* AdvertController.swift */; };
		950094F31F7B019500D7EBEC /* LoginController.swift in Sources */ = {isa = PBXBuildFile; fileRef = 950094F21F7B019500D7EBEC /* LoginController.swift */; };
		950094FF1F7B020E00D7EBEC /* AnimatedLine.swift in Sources */ = {isa = PBXBuildFile; fileRef = 950094F81F7B020E00D7EBEC /* AnimatedLine.swift */; };
		950095001F7B020E00D7EBEC /* AnimatedTextField.swift in Sources */ = {isa = PBXBuildFile; fileRef = 950094F91F7B020E00D7EBEC /* AnimatedTextField.swift */; };
		950095011F7B020E00D7EBEC /* AnimatedTextInput.swift in Sources */ = {isa = PBXBuildFile; fileRef = 950094FA1F7B020E00D7EBEC /* AnimatedTextInput.swift */; };
		950095021F7B020E00D7EBEC /* AnimatedTextInputFieldConfigurator.swift in Sources */ = {isa = PBXBuildFile; fileRef = 950094FB1F7B020E00D7EBEC /* AnimatedTextInputFieldConfigurator.swift */; };
		950095031F7B020E00D7EBEC /* AnimatedTextInputStyle.swift in Sources */ = {isa = PBXBuildFile; fileRef = 950094FC1F7B020E00D7EBEC /* AnimatedTextInputStyle.swift */; };
		950095041F7B020E00D7EBEC /* AnimatedTextView.swift in Sources */ = {isa = PBXBuildFile; fileRef = 950094FD1F7B020E00D7EBEC /* AnimatedTextView.swift */; };
		950095051F7B020E00D7EBEC /* UIViewExtensions.swift in Sources */ = {isa = PBXBuildFile; fileRef = 950094FE1F7B020E00D7EBEC /* UIViewExtensions.swift */; };
		950095071F7B027800D7EBEC /* UIFontExtension.swift in Sources */ = {isa = PBXBuildFile; fileRef = 950095061F7B027800D7EBEC /* UIFontExtension.swift */; };
		9500950A1F7B033900D7EBEC /* RegexClass.swift in Sources */ = {isa = PBXBuildFile; fileRef = 950095091F7B033900D7EBEC /* RegexClass.swift */; };
		9500950E1F7B045E00D7EBEC /* Reachability.swift in Sources */ = {isa = PBXBuildFile; fileRef = 9500950D1F7B045E00D7EBEC /* Reachability.swift */; };
		950095121F7B04C400D7EBEC /* BaseController.swift in Sources */ = {isa = PBXBuildFile; fileRef = 950095111F7B04C400D7EBEC /* BaseController.swift */; };
		950095141F7B086500D7EBEC /* imageViewExtension.swift in Sources */ = {isa = PBXBuildFile; fileRef = 950095131F7B086500D7EBEC /* imageViewExtension.swift */; };
		950095171F7B08CA00D7EBEC /* ColorUtil.swift in Sources */ = {isa = PBXBuildFile; fileRef = 950095161F7B08CA00D7EBEC /* ColorUtil.swift */; };
		9500951A1F7B0A8900D7EBEC /* LCExtension.swift in Sources */ = {isa = PBXBuildFile; fileRef = 950095191F7B0A8900D7EBEC /* LCExtension.swift */; };
		95C28BF31F8EE18600C9F4AC /* WebViewController.swift in Sources */ = {isa = PBXBuildFile; fileRef = 95C28BF21F8EE18600C9F4AC /* WebViewController.swift */; };
		95C28BF51F8EE8CA00C9F4AC /* ClickAdwerdService.swift in Sources */ = {isa = PBXBuildFile; fileRef = 95C28BF41F8EE8CA00C9F4AC /* ClickAdwerdService.swift */; };
		95C28BF71F8EF5A700C9F4AC /* UIButtonExtension.swift in Sources */ = {isa = PBXBuildFile; fileRef = 95C28BF61F8EF5A700C9F4AC /* UIButtonExtension.swift */; };
		95C28BFA1F8FC6F600C9F4AC /* MessagePopupController.swift in Sources */ = {isa = PBXBuildFile; fileRef = 95C28BF91F8FC6F600C9F4AC /* MessagePopupController.swift */; };
		95DEBA581F88E4610093FBC8 /* RootViewController.swift in Sources */ = {isa = PBXBuildFile; fileRef = 95DEBA571F88E4610093FBC8 /* RootViewController.swift */; };
		95DEBA5A1F88E6390093FBC8 /* RightSideMenuController.swift in Sources */ = {isa = PBXBuildFile; fileRef = 95DEBA591F88E6390093FBC8 /* RightSideMenuController.swift */; };
		95DEBA5E1F88E78A0093FBC8 /* RightMenuCustomCell.swift in Sources */ = {isa = PBXBuildFile; fileRef = 95DEBA5C1F88E78A0093FBC8 /* RightMenuCustomCell.swift */; };
		95DEBA5F1F88E78A0093FBC8 /* RightMenuCustomCell.xib in Resources */ = {isa = PBXBuildFile; fileRef = 95DEBA5D1F88E78A0093FBC8 /* RightMenuCustomCell.xib */; };
		95DEBA6A1F88FD600093FBC8 /* PostConnection.swift in Sources */ = {isa = PBXBuildFile; fileRef = 95DEBA681F88FD600093FBC8 /* PostConnection.swift */; };
		95DEBA6B1F88FD600093FBC8 /* ConnectionDelegate.swift in Sources */ = {isa = PBXBuildFile; fileRef = 95DEBA691F88FD600093FBC8 /* ConnectionDelegate.swift */; };
		95DEBA6D1F88FDFD0093FBC8 /* ServicesSendModel.swift in Sources */ = {isa = PBXBuildFile; fileRef = 95DEBA6C1F88FDFD0093FBC8 /* ServicesSendModel.swift */; };
		95DEBA6F1F88FF130093FBC8 /* ResponseModel.swift in Sources */ = {isa = PBXBuildFile; fileRef = 95DEBA6E1F88FF130093FBC8 /* ResponseModel.swift */; };
		95DEBA711F88FF620093FBC8 /* ServicesDelegate.swift in Sources */ = {isa = PBXBuildFile; fileRef = 95DEBA701F88FF620093FBC8 /* ServicesDelegate.swift */; };
		95DEBA731F88FF9B0093FBC8 /* RegisterService.swift in Sources */ = {isa = PBXBuildFile; fileRef = 95DEBA721F88FF9B0093FBC8 /* RegisterService.swift */; };
		95DEBA751F8900160093FBC8 /* GlobalData.swift in Sources */ = {isa = PBXBuildFile; fileRef = 95DEBA741F8900160093FBC8 /* GlobalData.swift */; };
		95DEBA771F89010B0093FBC8 /* HttpAdress.swift in Sources */ = {isa = PBXBuildFile; fileRef = 95DEBA761F89010B0093FBC8 /* HttpAdress.swift */; };
		95DEBA7C1F8911EB0093FBC8 /* MainService.swift in Sources */ = {isa = PBXBuildFile; fileRef = 95DEBA7B1F8911EB0093FBC8 /* MainService.swift */; };
		95DEBAA21F8933370093FBC8 /* Progress.xib in Resources */ = {isa = PBXBuildFile; fileRef = 95DEBAA01F8933370093FBC8 /* Progress.xib */; };
		95DEBAA31F8933370093FBC8 /* Progress.swift in Sources */ = {isa = PBXBuildFile; fileRef = 95DEBAA11F8933370093FBC8 /* Progress.swift */; };
		95DEBAA61F8A21F70093FBC8 /* ColorChangeImageView.swift in Sources */ = {isa = PBXBuildFile; fileRef = 95DEBAA51F8A21F70093FBC8 /* ColorChangeImageView.swift */; };
		A984557EB48F3A4A79676B63 /* Pods_App_To_Rich.framework in Frameworks */ = {isa = PBXBuildFile; fileRef = 35BC5E42BCC97DEAB071C05C /* Pods_App_To_Rich.framework */; };
/* End PBXBuildFile section */

/* Begin PBXFileReference section */
		22221CD71F7B0D0900788007 /* ChildUserCell.swift */ = {isa = PBXFileReference; fileEncoding = 4; lastKnownFileType = sourcecode.swift; path = ChildUserCell.swift; sourceTree = "<group>"; };
		223F85F61F7AA7250073A455 /* App To Rich.app */ = {isa = PBXFileReference; explicitFileType = wrapper.application; includeInIndex = 0; path = "App To Rich.app"; sourceTree = BUILT_PRODUCTS_DIR; };
		223F85F91F7AA7250073A455 /* AppDelegate.swift */ = {isa = PBXFileReference; lastKnownFileType = sourcecode.swift; path = AppDelegate.swift; sourceTree = "<group>"; };
		223F85FB1F7AA7250073A455 /* UserTreeController.swift */ = {isa = PBXFileReference; lastKnownFileType = sourcecode.swift; path = UserTreeController.swift; sourceTree = "<group>"; };
		223F85FE1F7AA7250073A455 /* Base */ = {isa = PBXFileReference; lastKnownFileType = file.storyboard; name = Base; path = Base.lproj/Main.storyboard; sourceTree = "<group>"; };
		223F86001F7AA7250073A455 /* Assets.xcassets */ = {isa = PBXFileReference; lastKnownFileType = folder.assetcatalog; path = Assets.xcassets; sourceTree = "<group>"; };
		223F86031F7AA7250073A455 /* Base */ = {isa = PBXFileReference; lastKnownFileType = file.storyboard; name = Base; path = Base.lproj/LaunchScreen.storyboard; sourceTree = "<group>"; };
		223F86051F7AA7250073A455 /* Info.plist */ = {isa = PBXFileReference; lastKnownFileType = text.plist.xml; path = Info.plist; sourceTree = "<group>"; };
		225B7E5C1F890992004070B8 /* RegisterContoller.swift */ = {isa = PBXFileReference; fileEncoding = 4; lastKnownFileType = sourcecode.swift; path = RegisterContoller.swift; sourceTree = "<group>"; };
		225B7E5E1F8909C7004070B8 /* RCExtension.swift */ = {isa = PBXFileReference; fileEncoding = 4; lastKnownFileType = sourcecode.swift; path = RCExtension.swift; sourceTree = "<group>"; };
		225B7E601F8911E3004070B8 /* LoginService.swift */ = {isa = PBXFileReference; fileEncoding = 4; lastKnownFileType = sourcecode.swift; path = LoginService.swift; sourceTree = "<group>"; };
		225B7E641F891B12004070B8 /* UserPrefence.swift */ = {isa = PBXFileReference; fileEncoding = 4; lastKnownFileType = sourcecode.swift; path = UserPrefence.swift; sourceTree = "<group>"; };
		225B7E661F892465004070B8 /* WelcomeController.swift */ = {isa = PBXFileReference; fileEncoding = 4; lastKnownFileType = sourcecode.swift; path = WelcomeController.swift; sourceTree = "<group>"; };
		225B7E681F8931C5004070B8 /* UserProfileService.swift */ = {isa = PBXFileReference; fileEncoding = 4; lastKnownFileType = sourcecode.swift; path = UserProfileService.swift; sourceTree = "<group>"; };
		22694C291F8EE03A00140B4E /* CustomTextField.swift */ = {isa = PBXFileReference; fileEncoding = 4; lastKnownFileType = sourcecode.swift; path = CustomTextField.swift; sourceTree = "<group>"; };
		228F11E51F7C6564002E8C97 /* MainController.swift */ = {isa = PBXFileReference; fileEncoding = 4; lastKnownFileType = sourcecode.swift; path = MainController.swift; sourceTree = "<group>"; };
		228F11E71F7C663A002E8C97 /* AdvertCell.swift */ = {isa = PBXFileReference; fileEncoding = 4; lastKnownFileType = sourcecode.swift; path = AdvertCell.swift; sourceTree = "<group>"; };
		22E0B65A1F7FFB9100CD2566 /* AccounDetailController.swift */ = {isa = PBXFileReference; fileEncoding = 4; lastKnownFileType = sourcecode.swift; path = AccounDetailController.swift; sourceTree = "<group>"; };
		22E0B65D1F8015C200CD2566 /* CustomButton.swift */ = {isa = PBXFileReference; fileEncoding = 4; lastKnownFileType = sourcecode.swift; path = CustomButton.swift; sourceTree = "<group>"; };
		22E0B65F1F801DED00CD2566 /* AdvertController.swift */ = {isa = PBXFileReference; fileEncoding = 4; lastKnownFileType = sourcecode.swift; path = AdvertController.swift; sourceTree = "<group>"; };
		35BC5E42BCC97DEAB071C05C /* Pods_App_To_Rich.framework */ = {isa = PBXFileReference; explicitFileType = wrapper.framework; includeInIndex = 0; path = Pods_App_To_Rich.framework; sourceTree = BUILT_PRODUCTS_DIR; };
		814A38D98AC56540CFA308BB /* Pods-App To Rich.debug.xcconfig */ = {isa = PBXFileReference; includeInIndex = 1; lastKnownFileType = text.xcconfig; name = "Pods-App To Rich.debug.xcconfig"; path = "Pods/Target Support Files/Pods-App To Rich/Pods-App To Rich.debug.xcconfig"; sourceTree = "<group>"; };
		83973B83222039C49BB80BE0 /* Pods-App To Rich.release.xcconfig */ = {isa = PBXFileReference; includeInIndex = 1; lastKnownFileType = text.xcconfig; name = "Pods-App To Rich.release.xcconfig"; path = "Pods/Target Support Files/Pods-App To Rich/Pods-App To Rich.release.xcconfig"; sourceTree = "<group>"; };
		950094F21F7B019500D7EBEC /* LoginController.swift */ = {isa = PBXFileReference; fileEncoding = 4; lastKnownFileType = sourcecode.swift; path = LoginController.swift; sourceTree = "<group>"; };
		950094F81F7B020E00D7EBEC /* AnimatedLine.swift */ = {isa = PBXFileReference; fileEncoding = 4; lastKnownFileType = sourcecode.swift; path = AnimatedLine.swift; sourceTree = "<group>"; };
		950094F91F7B020E00D7EBEC /* AnimatedTextField.swift */ = {isa = PBXFileReference; fileEncoding = 4; lastKnownFileType = sourcecode.swift; path = AnimatedTextField.swift; sourceTree = "<group>"; };
		950094FA1F7B020E00D7EBEC /* AnimatedTextInput.swift */ = {isa = PBXFileReference; fileEncoding = 4; lastKnownFileType = sourcecode.swift; path = AnimatedTextInput.swift; sourceTree = "<group>"; };
		950094FB1F7B020E00D7EBEC /* AnimatedTextInputFieldConfigurator.swift */ = {isa = PBXFileReference; fileEncoding = 4; lastKnownFileType = sourcecode.swift; path = AnimatedTextInputFieldConfigurator.swift; sourceTree = "<group>"; };
		950094FC1F7B020E00D7EBEC /* AnimatedTextInputStyle.swift */ = {isa = PBXFileReference; fileEncoding = 4; lastKnownFileType = sourcecode.swift; path = AnimatedTextInputStyle.swift; sourceTree = "<group>"; };
		950094FD1F7B020E00D7EBEC /* AnimatedTextView.swift */ = {isa = PBXFileReference; fileEncoding = 4; lastKnownFileType = sourcecode.swift; path = AnimatedTextView.swift; sourceTree = "<group>"; };
		950094FE1F7B020E00D7EBEC /* UIViewExtensions.swift */ = {isa = PBXFileReference; fileEncoding = 4; lastKnownFileType = sourcecode.swift; path = UIViewExtensions.swift; sourceTree = "<group>"; };
		950095061F7B027800D7EBEC /* UIFontExtension.swift */ = {isa = PBXFileReference; fileEncoding = 4; lastKnownFileType = sourcecode.swift; path = UIFontExtension.swift; sourceTree = "<group>"; };
		950095091F7B033900D7EBEC /* RegexClass.swift */ = {isa = PBXFileReference; fileEncoding = 4; lastKnownFileType = sourcecode.swift; path = RegexClass.swift; sourceTree = "<group>"; };
		9500950D1F7B045E00D7EBEC /* Reachability.swift */ = {isa = PBXFileReference; fileEncoding = 4; lastKnownFileType = sourcecode.swift; path = Reachability.swift; sourceTree = "<group>"; };
		950095111F7B04C400D7EBEC /* BaseController.swift */ = {isa = PBXFileReference; fileEncoding = 4; lastKnownFileType = sourcecode.swift; path = BaseController.swift; sourceTree = "<group>"; };
		950095131F7B086500D7EBEC /* imageViewExtension.swift */ = {isa = PBXFileReference; fileEncoding = 4; lastKnownFileType = sourcecode.swift; path = imageViewExtension.swift; sourceTree = "<group>"; };
		950095161F7B08CA00D7EBEC /* ColorUtil.swift */ = {isa = PBXFileReference; fileEncoding = 4; lastKnownFileType = sourcecode.swift; path = ColorUtil.swift; sourceTree = "<group>"; };
		950095191F7B0A8900D7EBEC /* LCExtension.swift */ = {isa = PBXFileReference; fileEncoding = 4; lastKnownFileType = sourcecode.swift; path = LCExtension.swift; sourceTree = "<group>"; };
		95C28BF21F8EE18600C9F4AC /* WebViewController.swift */ = {isa = PBXFileReference; fileEncoding = 4; lastKnownFileType = sourcecode.swift; path = WebViewController.swift; sourceTree = "<group>"; };
		95C28BF41F8EE8CA00C9F4AC /* ClickAdwerdService.swift */ = {isa = PBXFileReference; fileEncoding = 4; lastKnownFileType = sourcecode.swift; path = ClickAdwerdService.swift; sourceTree = "<group>"; };
		95C28BF61F8EF5A700C9F4AC /* UIButtonExtension.swift */ = {isa = PBXFileReference; fileEncoding = 4; lastKnownFileType = sourcecode.swift; path = UIButtonExtension.swift; sourceTree = "<group>"; };
		95C28BF91F8FC6F600C9F4AC /* MessagePopupController.swift */ = {isa = PBXFileReference; fileEncoding = 4; lastKnownFileType = sourcecode.swift; path = MessagePopupController.swift; sourceTree = "<group>"; };
		95DEBA571F88E4610093FBC8 /* RootViewController.swift */ = {isa = PBXFileReference; fileEncoding = 4; lastKnownFileType = sourcecode.swift; path = RootViewController.swift; sourceTree = "<group>"; };
		95DEBA591F88E6390093FBC8 /* RightSideMenuController.swift */ = {isa = PBXFileReference; fileEncoding = 4; lastKnownFileType = sourcecode.swift; path = RightSideMenuController.swift; sourceTree = "<group>"; };
		95DEBA5C1F88E78A0093FBC8 /* RightMenuCustomCell.swift */ = {isa = PBXFileReference; fileEncoding = 4; lastKnownFileType = sourcecode.swift; path = RightMenuCustomCell.swift; sourceTree = "<group>"; };
		95DEBA5D1F88E78A0093FBC8 /* RightMenuCustomCell.xib */ = {isa = PBXFileReference; fileEncoding = 4; lastKnownFileType = file.xib; path = RightMenuCustomCell.xib; sourceTree = "<group>"; };
		95DEBA681F88FD600093FBC8 /* PostConnection.swift */ = {isa = PBXFileReference; fileEncoding = 4; lastKnownFileType = sourcecode.swift; path = PostConnection.swift; sourceTree = "<group>"; };
		95DEBA691F88FD600093FBC8 /* ConnectionDelegate.swift */ = {isa = PBXFileReference; fileEncoding = 4; lastKnownFileType = sourcecode.swift; path = ConnectionDelegate.swift; sourceTree = "<group>"; };
		95DEBA6C1F88FDFD0093FBC8 /* ServicesSendModel.swift */ = {isa = PBXFileReference; fileEncoding = 4; lastKnownFileType = sourcecode.swift; path = ServicesSendModel.swift; sourceTree = "<group>"; };
		95DEBA6E1F88FF130093FBC8 /* ResponseModel.swift */ = {isa = PBXFileReference; fileEncoding = 4; lastKnownFileType = sourcecode.swift; path = ResponseModel.swift; sourceTree = "<group>"; };
		95DEBA701F88FF620093FBC8 /* ServicesDelegate.swift */ = {isa = PBXFileReference; fileEncoding = 4; lastKnownFileType = sourcecode.swift; path = ServicesDelegate.swift; sourceTree = "<group>"; };
		95DEBA721F88FF9B0093FBC8 /* RegisterService.swift */ = {isa = PBXFileReference; fileEncoding = 4; lastKnownFileType = sourcecode.swift; path = RegisterService.swift; sourceTree = "<group>"; };
		95DEBA741F8900160093FBC8 /* GlobalData.swift */ = {isa = PBXFileReference; fileEncoding = 4; lastKnownFileType = sourcecode.swift; path = GlobalData.swift; sourceTree = "<group>"; };
		95DEBA761F89010B0093FBC8 /* HttpAdress.swift */ = {isa = PBXFileReference; fileEncoding = 4; lastKnownFileType = sourcecode.swift; path = HttpAdress.swift; sourceTree = "<group>"; };
		95DEBA7B1F8911EB0093FBC8 /* MainService.swift */ = {isa = PBXFileReference; fileEncoding = 4; lastKnownFileType = sourcecode.swift; path = MainService.swift; sourceTree = "<group>"; };
		95DEBAA01F8933370093FBC8 /* Progress.xib */ = {isa = PBXFileReference; fileEncoding = 4; lastKnownFileType = file.xib; path = Progress.xib; sourceTree = "<group>"; };
		95DEBAA11F8933370093FBC8 /* Progress.swift */ = {isa = PBXFileReference; fileEncoding = 4; lastKnownFileType = sourcecode.swift; path = Progress.swift; sourceTree = "<group>"; };
		95DEBAA51F8A21F70093FBC8 /* ColorChangeImageView.swift */ = {isa = PBXFileReference; fileEncoding = 4; lastKnownFileType = sourcecode.swift; path = ColorChangeImageView.swift; sourceTree = "<group>"; };
/* End PBXFileReference section */

/* Begin PBXFrameworksBuildPhase section */
		223F85F31F7AA7250073A455 /* Frameworks */ = {
			isa = PBXFrameworksBuildPhase;
			buildActionMask = 2147483647;
			files = (
				A984557EB48F3A4A79676B63 /* Pods_App_To_Rich.framework in Frameworks */,
			);
			runOnlyForDeploymentPostprocessing = 0;
		};
/* End PBXFrameworksBuildPhase section */

/* Begin PBXGroup section */
		22156DC41F7EDF910073D36C /* MenuControllers */ = {
			isa = PBXGroup;
			children = (
				95DEBA571F88E4610093FBC8 /* RootViewController.swift */,
				95DEBA591F88E6390093FBC8 /* RightSideMenuController.swift */,
			);
			name = MenuControllers;
			sourceTree = "<group>";
		};
		22221CD51F7B0CD500788007 /* Model */ = {
			isa = PBXGroup;
			children = (
			);
			name = Model;
			sourceTree = "<group>";
		};
		22221CD61F7B0CDE00788007 /* View */ = {
			isa = PBXGroup;
			children = (
				22E0B65C1F8015A400CD2566 /* Custom Designable UI */,
				228F11EB1F7C6B83002E8C97 /* TableViewCells */,
			);
			name = View;
			sourceTree = "<group>";
		};
		223F85ED1F7AA7240073A455 = {
			isa = PBXGroup;
			children = (
				223F85F81F7AA7250073A455 /* App To Rich */,
				223F85F71F7AA7250073A455 /* Products */,
				3ED229D09396E91F0B72FC92 /* Pods */,
				4B54A1F869AA23A4EDFBD688 /* Frameworks */,
			);
			sourceTree = "<group>";
		};
		223F85F71F7AA7250073A455 /* Products */ = {
			isa = PBXGroup;
			children = (
				223F85F61F7AA7250073A455 /* App To Rich.app */,
			);
			name = Products;
			sourceTree = "<group>";
		};
		223F85F81F7AA7250073A455 /* App To Rich */ = {
			isa = PBXGroup;
			children = (
				95DEBA621F88FCFB0093FBC8 /* Service Structure */,
				22221CD51F7B0CD500788007 /* Model */,
				22221CD61F7B0CDE00788007 /* View */,
				950095151F7B08C000D7EBEC /* Util */,
				9500950F1F7B049E00D7EBEC /* Conroller Class */,
				950095081F7B033100D7EBEC /* Extension */,
				950094F41F7B01D200D7EBEC /* Framework's */,
				223F85F91F7AA7250073A455 /* AppDelegate.swift */,
				223F85FD1F7AA7250073A455 /* Main.storyboard */,
				223F86001F7AA7250073A455 /* Assets.xcassets */,
				223F86021F7AA7250073A455 /* LaunchScreen.storyboard */,
				223F86051F7AA7250073A455 /* Info.plist */,
			);
			path = "App To Rich";
			sourceTree = "<group>";
		};
		225B7E5B1F890958004070B8 /* Register Controller Clases */ = {
			isa = PBXGroup;
			children = (
				225B7E5C1F890992004070B8 /* RegisterContoller.swift */,
				225B7E5E1F8909C7004070B8 /* RCExtension.swift */,
			);
			name = "Register Controller Clases";
			sourceTree = "<group>";
		};
		228F11EB1F7C6B83002E8C97 /* TableViewCells */ = {
			isa = PBXGroup;
			children = (
				95DEBA611F88FBA20093FBC8 /* User Cell */,
				95DEBA601F88FB8D0093FBC8 /* Reklam Cell */,
				95DEBA5B1F88E7740093FBC8 /* SideBar Cell */,
			);
			name = TableViewCells;
			sourceTree = "<group>";
		};
		22E0B65C1F8015A400CD2566 /* Custom Designable UI */ = {
			isa = PBXGroup;
			children = (
				22E0B65D1F8015C200CD2566 /* CustomButton.swift */,
				95DEBAA51F8A21F70093FBC8 /* ColorChangeImageView.swift */,
				22694C291F8EE03A00140B4E /* CustomTextField.swift */,
			);
			name = "Custom Designable UI";
			sourceTree = "<group>";
		};
		3ED229D09396E91F0B72FC92 /* Pods */ = {
			isa = PBXGroup;
			children = (
				814A38D98AC56540CFA308BB /* Pods-App To Rich.debug.xcconfig */,
				83973B83222039C49BB80BE0 /* Pods-App To Rich.release.xcconfig */,
			);
			name = Pods;
			sourceTree = "<group>";
		};
		4B54A1F869AA23A4EDFBD688 /* Frameworks */ = {
			isa = PBXGroup;
			children = (
				35BC5E42BCC97DEAB071C05C /* Pods_App_To_Rich.framework */,
			);
			name = Frameworks;
			sourceTree = "<group>";
		};
		950094F41F7B01D200D7EBEC /* Framework's */ = {
			isa = PBXGroup;
			children = (
				95DEBA9F1F8933290093FBC8 /* Custom FrameWork's */,
				950094F51F7B01DE00D7EBEC /* Github Framework's */,
			);
			name = "Framework's";
			sourceTree = "<group>";
		};
		950094F51F7B01DE00D7EBEC /* Github Framework's */ = {
			isa = PBXGroup;
			children = (
				9500950C1F7B045100D7EBEC /* Reachability */,
				9500950D1F7B045E00D7EBEC /* Reachability.swift */,
				9500950B1F7B043C00D7EBEC /* Animated Text Field */,
			);
			name = "Github Framework's";
			sourceTree = "<group>";
		};
		950095081F7B033100D7EBEC /* Extension */ = {
			isa = PBXGroup;
			children = (
				950095131F7B086500D7EBEC /* imageViewExtension.swift */,
				950095091F7B033900D7EBEC /* RegexClass.swift */,
				95C28BF61F8EF5A700C9F4AC /* UIButtonExtension.swift */,
			);
			name = Extension;
			sourceTree = "<group>";
		};
		9500950B1F7B043C00D7EBEC /* Animated Text Field */ = {
			isa = PBXGroup;
			children = (
				950094F81F7B020E00D7EBEC /* AnimatedLine.swift */,
				950094F91F7B020E00D7EBEC /* AnimatedTextField.swift */,
				950094FA1F7B020E00D7EBEC /* AnimatedTextInput.swift */,
				950094FB1F7B020E00D7EBEC /* AnimatedTextInputFieldConfigurator.swift */,
				950094FC1F7B020E00D7EBEC /* AnimatedTextInputStyle.swift */,
				950094FD1F7B020E00D7EBEC /* AnimatedTextView.swift */,
				950094FE1F7B020E00D7EBEC /* UIViewExtensions.swift */,
				950095061F7B027800D7EBEC /* UIFontExtension.swift */,
			);
			name = "Animated Text Field";
			sourceTree = "<group>";
		};
		9500950C1F7B045100D7EBEC /* Reachability */ = {
			isa = PBXGroup;
			children = (
			);
			name = Reachability;
			sourceTree = "<group>";
		};
		9500950F1F7B049E00D7EBEC /* Conroller Class */ = {
			isa = PBXGroup;
			children = (
				95C28BF81F8FC6D100C9F4AC /* Popup Controller */,
				95DEBA781F890AE90093FBC8 /* Main Controller */,
				22156DC41F7EDF910073D36C /* MenuControllers */,
				228F11E51F7C6564002E8C97 /* MainController.swift */,
				225B7E661F892465004070B8 /* WelcomeController.swift */,
				22E0B65A1F7FFB9100CD2566 /* AccounDetailController.swift */,
				223F85FB1F7AA7250073A455 /* UserTreeController.swift */,
				22E0B65F1F801DED00CD2566 /* AdvertController.swift */,
				9500951B1F7B0AF200D7EBEC /* Base Controller Class */,
				950095181F7B0A7000D7EBEC /* Login Controller Classes */,
				225B7E5B1F890958004070B8 /* Register Controller Clases */,
				95C28BF21F8EE18600C9F4AC /* WebViewController.swift */,
			);
			name = "Conroller Class";
			sourceTree = "<group>";
		};
		950095151F7B08C000D7EBEC /* Util */ = {
			isa = PBXGroup;
			children = (
				950095161F7B08CA00D7EBEC /* ColorUtil.swift */,
				95DEBA741F8900160093FBC8 /* GlobalData.swift */,
				95DEBA761F89010B0093FBC8 /* HttpAdress.swift */,
				225B7E641F891B12004070B8 /* UserPrefence.swift */,
			);
			name = Util;
			sourceTree = "<group>";
		};
		950095181F7B0A7000D7EBEC /* Login Controller Classes */ = {
			isa = PBXGroup;
			children = (
				950094F21F7B019500D7EBEC /* LoginController.swift */,
				950095191F7B0A8900D7EBEC /* LCExtension.swift */,
			);
			name = "Login Controller Classes";
			sourceTree = "<group>";
		};
		9500951B1F7B0AF200D7EBEC /* Base Controller Class */ = {
			isa = PBXGroup;
			children = (
				950095111F7B04C400D7EBEC /* BaseController.swift */,
			);
			name = "Base Controller Class";
			sourceTree = "<group>";
		};
		95C28BF81F8FC6D100C9F4AC /* Popup Controller */ = {
			isa = PBXGroup;
			children = (
				95C28BF91F8FC6F600C9F4AC /* MessagePopupController.swift */,
			);
			name = "Popup Controller";
			sourceTree = "<group>";
		};
		95DEBA5B1F88E7740093FBC8 /* SideBar Cell */ = {
			isa = PBXGroup;
			children = (
				95DEBA5C1F88E78A0093FBC8 /* RightMenuCustomCell.swift */,
				95DEBA5D1F88E78A0093FBC8 /* RightMenuCustomCell.xib */,
			);
			name = "SideBar Cell";
			sourceTree = "<group>";
		};
		95DEBA601F88FB8D0093FBC8 /* Reklam Cell */ = {
			isa = PBXGroup;
			children = (
				228F11E71F7C663A002E8C97 /* AdvertCell.swift */,
			);
			name = "Reklam Cell";
			sourceTree = "<group>";
		};
		95DEBA611F88FBA20093FBC8 /* User Cell */ = {
			isa = PBXGroup;
			children = (
				22221CD71F7B0D0900788007 /* ChildUserCell.swift */,
			);
			name = "User Cell";
			sourceTree = "<group>";
		};
		95DEBA621F88FCFB0093FBC8 /* Service Structure */ = {
			isa = PBXGroup;
			children = (
				95DEBA671F88FD520093FBC8 /* Services */,
				95DEBA661F88FD4D0093FBC8 /* Send Model */,
				95DEBA651F88FD440093FBC8 /* Response Model */,
				95DEBA641F88FD400093FBC8 /* Delegate */,
				95DEBA631F88FD340093FBC8 /* Connection */,
			);
			name = "Service Structure";
			sourceTree = "<group>";
		};
		95DEBA631F88FD340093FBC8 /* Connection */ = {
			isa = PBXGroup;
			children = (
				95DEBA681F88FD600093FBC8 /* PostConnection.swift */,
				95DEBA691F88FD600093FBC8 /* ConnectionDelegate.swift */,
			);
			name = Connection;
			sourceTree = "<group>";
		};
		95DEBA641F88FD400093FBC8 /* Delegate */ = {
			isa = PBXGroup;
			children = (
				95DEBA701F88FF620093FBC8 /* ServicesDelegate.swift */,
			);
			name = Delegate;
			sourceTree = "<group>";
		};
		95DEBA651F88FD440093FBC8 /* Response Model */ = {
			isa = PBXGroup;
			children = (
				95DEBA6E1F88FF130093FBC8 /* ResponseModel.swift */,
			);
			name = "Response Model";
			sourceTree = "<group>";
		};
		95DEBA661F88FD4D0093FBC8 /* Send Model */ = {
			isa = PBXGroup;
			children = (
				95DEBA6C1F88FDFD0093FBC8 /* ServicesSendModel.swift */,
			);
			name = "Send Model";
			sourceTree = "<group>";
		};
		95DEBA671F88FD520093FBC8 /* Services */ = {
			isa = PBXGroup;
			children = (
				95DEBA721F88FF9B0093FBC8 /* RegisterService.swift */,
				225B7E601F8911E3004070B8 /* LoginService.swift */,
				225B7E681F8931C5004070B8 /* UserProfileService.swift */,
				95DEBA7B1F8911EB0093FBC8 /* MainService.swift */,
				95C28BF41F8EE8CA00C9F4AC /* ClickAdwerdService.swift */,
			);
			name = Services;
			sourceTree = "<group>";
		};
		95DEBA781F890AE90093FBC8 /* Main Controller */ = {
			isa = PBXGroup;
			children = (
			);
			name = "Main Controller";
			sourceTree = "<group>";
		};
		95DEBA9F1F8933290093FBC8 /* Custom FrameWork's */ = {
			isa = PBXGroup;
			children = (
				95DEBAA01F8933370093FBC8 /* Progress.xib */,
				95DEBAA11F8933370093FBC8 /* Progress.swift */,
			);
			name = "Custom FrameWork's";
			sourceTree = "<group>";
		};
/* End PBXGroup section */

/* Begin PBXNativeTarget section */
		223F85F51F7AA7250073A455 /* App To Rich */ = {
			isa = PBXNativeTarget;
			buildConfigurationList = 223F86081F7AA7260073A455 /* Build configuration list for PBXNativeTarget "App To Rich" */;
			buildPhases = (
				8BBB0DB0F8EF70C9DCF2DD23 /* [CP] Check Pods Manifest.lock */,
				223F85F21F7AA7250073A455 /* Sources */,
				223F85F31F7AA7250073A455 /* Frameworks */,
				223F85F41F7AA7250073A455 /* Resources */,
				B7714476991ED41E723FDF00 /* [CP] Embed Pods Frameworks */,
				F4B8B063D4722FBE4005E6A5 /* [CP] Copy Pods Resources */,
			);
			buildRules = (
			);
			dependencies = (
			);
			name = "App To Rich";
			productName = "App To Rich";
			productReference = 223F85F61F7AA7250073A455 /* App To Rich.app */;
			productType = "com.apple.product-type.application";
		};
/* End PBXNativeTarget section */

/* Begin PBXProject section */
		223F85EE1F7AA7240073A455 /* Project object */ = {
			isa = PBXProject;
			attributes = {
				LastSwiftUpdateCheck = 0820;
				LastUpgradeCheck = 0820;
				ORGANIZATIONNAME = bilal;
				TargetAttributes = {
					223F85F51F7AA7250073A455 = {
						CreatedOnToolsVersion = 8.2.1;
						DevelopmentTeam = BXR3K72MAT;
						ProvisioningStyle = Automatic;
					};
				};
			};
			buildConfigurationList = 223F85F11F7AA7240073A455 /* Build configuration list for PBXProject "App To Rich" */;
			compatibilityVersion = "Xcode 3.2";
			developmentRegion = English;
			hasScannedForEncodings = 0;
			knownRegions = (
				en,
				Base,
			);
			mainGroup = 223F85ED1F7AA7240073A455;
			productRefGroup = 223F85F71F7AA7250073A455 /* Products */;
			projectDirPath = "";
			projectRoot = "";
			targets = (
				223F85F51F7AA7250073A455 /* App To Rich */,
			);
		};
/* End PBXProject section */

/* Begin PBXResourcesBuildPhase section */
		223F85F41F7AA7250073A455 /* Resources */ = {
			isa = PBXResourcesBuildPhase;
			buildActionMask = 2147483647;
			files = (
				223F86041F7AA7250073A455 /* LaunchScreen.storyboard in Resources */,
				223F86011F7AA7250073A455 /* Assets.xcassets in Resources */,
				95DEBA5F1F88E78A0093FBC8 /* RightMenuCustomCell.xib in Resources */,
				95DEBAA21F8933370093FBC8 /* Progress.xib in Resources */,
				223F85FF1F7AA7250073A455 /* Main.storyboard in Resources */,
			);
			runOnlyForDeploymentPostprocessing = 0;
		};
/* End PBXResourcesBuildPhase section */

/* Begin PBXShellScriptBuildPhase section */
		8BBB0DB0F8EF70C9DCF2DD23 /* [CP] Check Pods Manifest.lock */ = {
			isa = PBXShellScriptBuildPhase;
			buildActionMask = 2147483647;
			files = (
			);
			inputPaths = (
			);
			name = "[CP] Check Pods Manifest.lock";
			outputPaths = (
			);
			runOnlyForDeploymentPostprocessing = 0;
			shellPath = /bin/sh;
			shellScript = "diff \"${PODS_PODFILE_DIR_PATH}/Podfile.lock\" \"${PODS_ROOT}/Manifest.lock\" > /dev/null\nif [ $? != 0 ] ; then\n    # print error to STDERR\n    echo \"error: The sandbox is not in sync with the Podfile.lock. Run 'pod install' or update your CocoaPods installation.\" >&2\n    exit 1\nfi\n";
			showEnvVarsInLog = 0;
		};
		B7714476991ED41E723FDF00 /* [CP] Embed Pods Frameworks */ = {
			isa = PBXShellScriptBuildPhase;
			buildActionMask = 2147483647;
			files = (
			);
			inputPaths = (
			);
			name = "[CP] Embed Pods Frameworks";
			outputPaths = (
			);
			runOnlyForDeploymentPostprocessing = 0;
			shellPath = /bin/sh;
			shellScript = "\"${SRCROOT}/Pods/Target Support Files/Pods-App To Rich/Pods-App To Rich-frameworks.sh\"\n";
			showEnvVarsInLog = 0;
		};
		F4B8B063D4722FBE4005E6A5 /* [CP] Copy Pods Resources */ = {
			isa = PBXShellScriptBuildPhase;
			buildActionMask = 2147483647;
			files = (
			);
			inputPaths = (
			);
			name = "[CP] Copy Pods Resources";
			outputPaths = (
			);
			runOnlyForDeploymentPostprocessing = 0;
			shellPath = /bin/sh;
			shellScript = "\"${SRCROOT}/Pods/Target Support Files/Pods-App To Rich/Pods-App To Rich-resources.sh\"\n";
			showEnvVarsInLog = 0;
		};
/* End PBXShellScriptBuildPhase section */

/* Begin PBXSourcesBuildPhase section */
		223F85F21F7AA7250073A455 /* Sources */ = {
			isa = PBXSourcesBuildPhase;
			buildActionMask = 2147483647;
			files = (
				950095141F7B086500D7EBEC /* imageViewExtension.swift in Sources */,
				950095041F7B020E00D7EBEC /* AnimatedTextView.swift in Sources */,
				950095031F7B020E00D7EBEC /* AnimatedTextInputStyle.swift in Sources */,
				950095121F7B04C400D7EBEC /* BaseController.swift in Sources */,
				22E0B65E1F8015C200CD2566 /* CustomButton.swift in Sources */,
				950095011F7B020E00D7EBEC /* AnimatedTextInput.swift in Sources */,
				950095021F7B020E00D7EBEC /* AnimatedTextInputFieldConfigurator.swift in Sources */,
				95C28BF71F8EF5A700C9F4AC /* UIButtonExtension.swift in Sources */,
				225B7E691F8931C5004070B8 /* UserProfileService.swift in Sources */,
				228F11E61F7C6564002E8C97 /* MainController.swift in Sources */,
				950094FF1F7B020E00D7EBEC /* AnimatedLine.swift in Sources */,
				950095171F7B08CA00D7EBEC /* ColorUtil.swift in Sources */,
				95DEBA771F89010B0093FBC8 /* HttpAdress.swift in Sources */,
				9500951A1F7B0A8900D7EBEC /* LCExtension.swift in Sources */,
				95DEBA5E1F88E78A0093FBC8 /* RightMenuCustomCell.swift in Sources */,
				223F85FC1F7AA7250073A455 /* UserTreeController.swift in Sources */,
				95DEBA7C1F8911EB0093FBC8 /* MainService.swift in Sources */,
				22694C2A1F8EE03A00140B4E /* CustomTextField.swift in Sources */,
				95DEBA6B1F88FD600093FBC8 /* ConnectionDelegate.swift in Sources */,
				950095051F7B020E00D7EBEC /* UIViewExtensions.swift in Sources */,
				95C28BFA1F8FC6F600C9F4AC /* MessagePopupController.swift in Sources */,
				95DEBA6F1F88FF130093FBC8 /* ResponseModel.swift in Sources */,
				225B7E5D1F890992004070B8 /* RegisterContoller.swift in Sources */,
				95DEBAA31F8933370093FBC8 /* Progress.swift in Sources */,
				95DEBA711F88FF620093FBC8 /* ServicesDelegate.swift in Sources */,
				225B7E611F8911E3004070B8 /* LoginService.swift in Sources */,
				95C28BF31F8EE18600C9F4AC /* WebViewController.swift in Sources */,
				95C28BF51F8EE8CA00C9F4AC /* ClickAdwerdService.swift in Sources */,
				95DEBAA61F8A21F70093FBC8 /* ColorChangeImageView.swift in Sources */,
				950094F31F7B019500D7EBEC /* LoginController.swift in Sources */,
				225B7E5F1F8909C7004070B8 /* RCExtension.swift in Sources */,
				95DEBA731F88FF9B0093FBC8 /* RegisterService.swift in Sources */,
				228F11E81F7C663A002E8C97 /* AdvertCell.swift in Sources */,
				225B7E651F891B12004070B8 /* UserPrefence.swift in Sources */,
				95DEBA581F88E4610093FBC8 /* RootViewController.swift in Sources */,
				225B7E671F892465004070B8 /* WelcomeController.swift in Sources */,
				22E0B65B1F7FFB9100CD2566 /* AccounDetailController.swift in Sources */,
				22E0B6601F801DED00CD2566 /* AdvertController.swift in Sources */,
				9500950A1F7B033900D7EBEC /* RegexClass.swift in Sources */,
				95DEBA751F8900160093FBC8 /* GlobalData.swift in Sources */,
				95DEBA6A1F88FD600093FBC8 /* PostConnection.swift in Sources */,
				223F85FA1F7AA7250073A455 /* AppDelegate.swift in Sources */,
				95DEBA6D1F88FDFD0093FBC8 /* ServicesSendModel.swift in Sources */,
				22221CD81F7B0D0900788007 /* ChildUserCell.swift in Sources */,
				95DEBA5A1F88E6390093FBC8 /* RightSideMenuController.swift in Sources */,
				950095001F7B020E00D7EBEC /* AnimatedTextField.swift in Sources */,
				950095071F7B027800D7EBEC /* UIFontExtension.swift in Sources */,
				9500950E1F7B045E00D7EBEC /* Reachability.swift in Sources */,
			);
			runOnlyForDeploymentPostprocessing = 0;
		};
/* End PBXSourcesBuildPhase section */

/* Begin PBXVariantGroup section */
		223F85FD1F7AA7250073A455 /* Main.storyboard */ = {
			isa = PBXVariantGroup;
			children = (
				223F85FE1F7AA7250073A455 /* Base */,
			);
			name = Main.storyboard;
			sourceTree = "<group>";
		};
		223F86021F7AA7250073A455 /* LaunchScreen.storyboard */ = {
			isa = PBXVariantGroup;
			children = (
				223F86031F7AA7250073A455 /* Base */,
			);
			name = LaunchScreen.storyboard;
			sourceTree = "<group>";
		};
/* End PBXVariantGroup section */

/* Begin XCBuildConfiguration section */
		223F86061F7AA7250073A455 /* Debug */ = {
			isa = XCBuildConfiguration;
			buildSettings = {
				ALWAYS_SEARCH_USER_PATHS = NO;
				CLANG_ANALYZER_NONNULL = YES;
				CLANG_CXX_LANGUAGE_STANDARD = "gnu++0x";
				CLANG_CXX_LIBRARY = "libc++";
				CLANG_ENABLE_MODULES = YES;
				CLANG_ENABLE_OBJC_ARC = YES;
				CLANG_WARN_BOOL_CONVERSION = YES;
				CLANG_WARN_CONSTANT_CONVERSION = YES;
				CLANG_WARN_DIRECT_OBJC_ISA_USAGE = YES_ERROR;
				CLANG_WARN_DOCUMENTATION_COMMENTS = YES;
				CLANG_WARN_EMPTY_BODY = YES;
				CLANG_WARN_ENUM_CONVERSION = YES;
				CLANG_WARN_INFINITE_RECURSION = YES;
				CLANG_WARN_INT_CONVERSION = YES;
				CLANG_WARN_OBJC_ROOT_CLASS = YES_ERROR;
				CLANG_WARN_SUSPICIOUS_MOVE = YES;
				CLANG_WARN_UNREACHABLE_CODE = YES;
				CLANG_WARN__DUPLICATE_METHOD_MATCH = YES;
				"CODE_SIGN_IDENTITY[sdk=iphoneos*]" = "iPhone Developer";
				COPY_PHASE_STRIP = NO;
				DEBUG_INFORMATION_FORMAT = dwarf;
				ENABLE_STRICT_OBJC_MSGSEND = YES;
				ENABLE_TESTABILITY = YES;
				GCC_C_LANGUAGE_STANDARD = gnu99;
				GCC_DYNAMIC_NO_PIC = NO;
				GCC_NO_COMMON_BLOCKS = YES;
				GCC_OPTIMIZATION_LEVEL = 0;
				GCC_PREPROCESSOR_DEFINITIONS = (
					"DEBUG=1",
					"$(inherited)",
				);
				GCC_WARN_64_TO_32_BIT_CONVERSION = YES;
				GCC_WARN_ABOUT_RETURN_TYPE = YES_ERROR;
				GCC_WARN_UNDECLARED_SELECTOR = YES;
				GCC_WARN_UNINITIALIZED_AUTOS = YES_AGGRESSIVE;
				GCC_WARN_UNUSED_FUNCTION = YES;
				GCC_WARN_UNUSED_VARIABLE = YES;
				IPHONEOS_DEPLOYMENT_TARGET = 10.2;
				MTL_ENABLE_DEBUG_INFO = YES;
				ONLY_ACTIVE_ARCH = YES;
				SDKROOT = iphoneos;
				SWIFT_ACTIVE_COMPILATION_CONDITIONS = DEBUG;
				SWIFT_OPTIMIZATION_LEVEL = "-Onone";
				TARGETED_DEVICE_FAMILY = "1,2";
			};
			name = Debug;
		};
		223F86071F7AA7250073A455 /* Release */ = {
			isa = XCBuildConfiguration;
			buildSettings = {
				ALWAYS_SEARCH_USER_PATHS = NO;
				CLANG_ANALYZER_NONNULL = YES;
				CLANG_CXX_LANGUAGE_STANDARD = "gnu++0x";
				CLANG_CXX_LIBRARY = "libc++";
				CLANG_ENABLE_MODULES = YES;
				CLANG_ENABLE_OBJC_ARC = YES;
				CLANG_WARN_BOOL_CONVERSION = YES;
				CLANG_WARN_CONSTANT_CONVERSION = YES;
				CLANG_WARN_DIRECT_OBJC_ISA_USAGE = YES_ERROR;
				CLANG_WARN_DOCUMENTATION_COMMENTS = YES;
				CLANG_WARN_EMPTY_BODY = YES;
				CLANG_WARN_ENUM_CONVERSION = YES;
				CLANG_WARN_INFINITE_RECURSION = YES;
				CLANG_WARN_INT_CONVERSION = YES;
				CLANG_WARN_OBJC_ROOT_CLASS = YES_ERROR;
				CLANG_WARN_SUSPICIOUS_MOVE = YES;
				CLANG_WARN_UNREACHABLE_CODE = YES;
				CLANG_WARN__DUPLICATE_METHOD_MATCH = YES;
				"CODE_SIGN_IDENTITY[sdk=iphoneos*]" = "iPhone Developer";
				COPY_PHASE_STRIP = NO;
				DEBUG_INFORMATION_FORMAT = "dwarf-with-dsym";
				ENABLE_NS_ASSERTIONS = NO;
				ENABLE_STRICT_OBJC_MSGSEND = YES;
				GCC_C_LANGUAGE_STANDARD = gnu99;
				GCC_NO_COMMON_BLOCKS = YES;
				GCC_WARN_64_TO_32_BIT_CONVERSION = YES;
				GCC_WARN_ABOUT_RETURN_TYPE = YES_ERROR;
				GCC_WARN_UNDECLARED_SELECTOR = YES;
				GCC_WARN_UNINITIALIZED_AUTOS = YES_AGGRESSIVE;
				GCC_WARN_UNUSED_FUNCTION = YES;
				GCC_WARN_UNUSED_VARIABLE = YES;
				IPHONEOS_DEPLOYMENT_TARGET = 10.2;
				MTL_ENABLE_DEBUG_INFO = NO;
				SDKROOT = iphoneos;
				SWIFT_OPTIMIZATION_LEVEL = "-Owholemodule";
				TARGETED_DEVICE_FAMILY = "1,2";
				VALIDATE_PRODUCT = YES;
			};
			name = Release;
		};
		223F86091F7AA7260073A455 /* Debug */ = {
			isa = XCBuildConfiguration;
			baseConfigurationReference = 814A38D98AC56540CFA308BB /* Pods-App To Rich.debug.xcconfig */;
			buildSettings = {
				ASSETCATALOG_COMPILER_APPICON_NAME = AppIcon;
				DEVELOPMENT_TEAM = BXR3K72MAT;
				INFOPLIST_FILE = "App To Rich/Info.plist";
				IPHONEOS_DEPLOYMENT_TARGET = 10.0;
				LD_RUNPATH_SEARCH_PATHS = "$(inherited) @executable_path/Frameworks";
				PRODUCT_BUNDLE_IDENTIFIER = "com.bd.App-To-Rich";
				PRODUCT_NAME = "$(TARGET_NAME)";
				SWIFT_VERSION = 3.0;
			};
			name = Debug;
		};
		223F860A1F7AA7260073A455 /* Release */ = {
			isa = XCBuildConfiguration;
			baseConfigurationReference = 83973B83222039C49BB80BE0 /* Pods-App To Rich.release.xcconfig */;
			buildSettings = {
				ASSETCATALOG_COMPILER_APPICON_NAME = AppIcon;
				DEVELOPMENT_TEAM = BXR3K72MAT;
				INFOPLIST_FILE = "App To Rich/Info.plist";
				IPHONEOS_DEPLOYMENT_TARGET = 10.0;
				LD_RUNPATH_SEARCH_PATHS = "$(inherited) @executable_path/Frameworks";
				PRODUCT_BUNDLE_IDENTIFIER = "com.bd.App-To-Rich";
				PRODUCT_NAME = "$(TARGET_NAME)";
				SWIFT_VERSION = 3.0;
			};
			name = Release;
		};
/* End XCBuildConfiguration section */

/* Begin XCConfigurationList section */
		223F85F11F7AA7240073A455 /* Build configuration list for PBXProject "App To Rich" */ = {
			isa = XCConfigurationList;
			buildConfigurations = (
				223F86061F7AA7250073A455 /* Debug */,
				223F86071F7AA7250073A455 /* Release */,
			);
			defaultConfigurationIsVisible = 0;
			defaultConfigurationName = Release;
		};
		223F86081F7AA7260073A455 /* Build configuration list for PBXNativeTarget "App To Rich" */ = {
			isa = XCConfigurationList;
			buildConfigurations = (
				223F86091F7AA7260073A455 /* Debug */,
				223F860A1F7AA7260073A455 /* Release */,
			);
			defaultConfigurationIsVisible = 0;
			defaultConfigurationName = Release;
		};
/* End XCConfigurationList section */
	};
	rootObject = 223F85EE1F7AA7240073A455 /* Project object */;
}
