// !$*UTF8*$!
{
	archiveVersion = 1;
	classes = {
	};
	objectVersion = 46;
	objects = {

/* Begin PBXBuildFile section */
		223F85FA1F7AA7250073A455 /* AppDelegate.swift in Sources */ = {isa = PBXBuildFile; fileRef = 223F85F91F7AA7250073A455 /* AppDelegate.swift */; };
		223F85FC1F7AA7250073A455 /* ViewController.swift in Sources */ = {isa = PBXBuildFile; fileRef = 223F85FB1F7AA7250073A455 /* ViewController.swift */; };
		223F85FF1F7AA7250073A455 /* Main.storyboard in Resources */ = {isa = PBXBuildFile; fileRef = 223F85FD1F7AA7250073A455 /* Main.storyboard */; };
		223F86011F7AA7250073A455 /* Assets.xcassets in Resources */ = {isa = PBXBuildFile; fileRef = 223F86001F7AA7250073A455 /* Assets.xcassets */; };
		223F86041F7AA7250073A455 /* LaunchScreen.storyboard in Resources */ = {isa = PBXBuildFile; fileRef = 223F86021F7AA7250073A455 /* LaunchScreen.storyboard */; };
		A984557EB48F3A4A79676B63 /* Pods_App_To_Rich.framework in Frameworks */ = {isa = PBXBuildFile; fileRef = 35BC5E42BCC97DEAB071C05C /* Pods_App_To_Rich.framework */; };
/* End PBXBuildFile section */

/* Begin PBXFileReference section */
		223F85F61F7AA7250073A455 /* App To Rich.app */ = {isa = PBXFileReference; explicitFileType = wrapper.application; includeInIndex = 0; path = "App To Rich.app"; sourceTree = BUILT_PRODUCTS_DIR; };
		223F85F91F7AA7250073A455 /* AppDelegate.swift */ = {isa = PBXFileReference; lastKnownFileType = sourcecode.swift; path = AppDelegate.swift; sourceTree = "<group>"; };
		223F85FB1F7AA7250073A455 /* ViewController.swift */ = {isa = PBXFileReference; lastKnownFileType = sourcecode.swift; path = ViewController.swift; sourceTree = "<group>"; };
		223F85FE1F7AA7250073A455 /* Base */ = {isa = PBXFileReference; lastKnownFileType = file.storyboard; name = Base; path = Base.lproj/Main.storyboard; sourceTree = "<group>"; };
		223F86001F7AA7250073A455 /* Assets.xcassets */ = {isa = PBXFileReference; lastKnownFileType = folder.assetcatalog; path = Assets.xcassets; sourceTree = "<group>"; };
		223F86031F7AA7250073A455 /* Base */ = {isa = PBXFileReference; lastKnownFileType = file.storyboard; name = Base; path = Base.lproj/LaunchScreen.storyboard; sourceTree = "<group>"; };
		223F86051F7AA7250073A455 /* Info.plist */ = {isa = PBXFileReference; lastKnownFileType = text.plist.xml; path = Info.plist; sourceTree = "<group>"; };
		35BC5E42BCC97DEAB071C05C /* Pods_App_To_Rich.framework */ = {isa = PBXFileReference; explicitFileType = wrapper.framework; includeInIndex = 0; path = Pods_App_To_Rich.framework; sourceTree = BUILT_PRODUCTS_DIR; };
		814A38D98AC56540CFA308BB /* Pods-App To Rich.debug.xcconfig */ = {isa = PBXFileReference; includeInIndex = 1; lastKnownFileType = text.xcconfig; name = "Pods-App To Rich.debug.xcconfig"; path = "Pods/Target Support Files/Pods-App To Rich/Pods-App To Rich.debug.xcconfig"; sourceTree = "<group>"; };
		83973B83222039C49BB80BE0 /* Pods-App To Rich.release.xcconfig */ = {isa = PBXFileReference; includeInIndex = 1; lastKnownFileType = text.xcconfig; name = "Pods-App To Rich.release.xcconfig"; path = "Pods/Target Support Files/Pods-App To Rich/Pods-App To Rich.release.xcconfig"; sourceTree = "<group>"; };
/* End PBXFileReference section */

/* Begin PBXFrameworksBuildPhase section */
		223F85F31F7AA7250073A455 /* Frameworks */ = {
			isa = PBXFrameworksBuildPhase;
			buildActionMask = 2147483647;
			files = (
				A984557EB48F3A4A79676B63 /* Pods_App_To_Rich.framework in Frameworks */,
			);
			runOnlyForDeploymentPostprocessing = 0;
		};
/* End PBXFrameworksBuildPhase section */

/* Begin PBXGroup section */
		223F85ED1F7AA7240073A455 = {
			isa = PBXGroup;
			children = (
				223F85F81F7AA7250073A455 /* App To Rich */,
				223F85F71F7AA7250073A455 /* Products */,
				3ED229D09396E91F0B72FC92 /* Pods */,
				4B54A1F869AA23A4EDFBD688 /* Frameworks */,
			);
			sourceTree = "<group>";
		};
		223F85F71F7AA7250073A455 /* Products */ = {
			isa = PBXGroup;
			children = (
				223F85F61F7AA7250073A455 /* App To Rich.app */,
			);
			name = Products;
			sourceTree = "<group>";
		};
		223F85F81F7AA7250073A455 /* App To Rich */ = {
			isa = PBXGroup;
			children = (
				223F85F91F7AA7250073A455 /* AppDelegate.swift */,
				223F85FB1F7AA7250073A455 /* ViewController.swift */,
				223F85FD1F7AA7250073A455 /* Main.storyboard */,
				223F86001F7AA7250073A455 /* Assets.xcassets */,
				223F86021F7AA7250073A455 /* LaunchScreen.storyboard */,
				223F86051F7AA7250073A455 /* Info.plist */,
			);
			path = "App To Rich";
			sourceTree = "<group>";
		};
		3ED229D09396E91F0B72FC92 /* Pods */ = {
			isa = PBXGroup;
			children = (
				814A38D98AC56540CFA308BB /* Pods-App To Rich.debug.xcconfig */,
				83973B83222039C49BB80BE0 /* Pods-App To Rich.release.xcconfig */,
			);
			name = Pods;
			sourceTree = "<group>";
		};
		4B54A1F869AA23A4EDFBD688 /* Frameworks */ = {
			isa = PBXGroup;
			children = (
				35BC5E42BCC97DEAB071C05C /* Pods_App_To_Rich.framework */,
			);
			name = Frameworks;
			sourceTree = "<group>";
		};
/* End PBXGroup section */

/* Begin PBXNativeTarget section */
		223F85F51F7AA7250073A455 /* App To Rich */ = {
			isa = PBXNativeTarget;
			buildConfigurationList = 223F86081F7AA7260073A455 /* Build configuration list for PBXNativeTarget "App To Rich" */;
			buildPhases = (
				8BBB0DB0F8EF70C9DCF2DD23 /* [CP] Check Pods Manifest.lock */,
				223F85F21F7AA7250073A455 /* Sources */,
				223F85F31F7AA7250073A455 /* Frameworks */,
				223F85F41F7AA7250073A455 /* Resources */,
				B7714476991ED41E723FDF00 /* [CP] Embed Pods Frameworks */,
				F4B8B063D4722FBE4005E6A5 /* [CP] Copy Pods Resources */,
			);
			buildRules = (
			);
			dependencies = (
			);
			name = "App To Rich";
			productName = "App To Rich";
			productReference = 223F85F61F7AA7250073A455 /* App To Rich.app */;
			productType = "com.apple.product-type.application";
		};
/* End PBXNativeTarget section */

/* Begin PBXProject section */
		223F85EE1F7AA7240073A455 /* Project object */ = {
			isa = PBXProject;
			attributes = {
				LastSwiftUpdateCheck = 0820;
				LastUpgradeCheck = 0820;
				ORGANIZATIONNAME = bilal;
				TargetAttributes = {
					223F85F51F7AA7250073A455 = {
						CreatedOnToolsVersion = 8.2.1;
						DevelopmentTeam = BXR3K72MAT;
						ProvisioningStyle = Automatic;
					};
				};
			};
			buildConfigurationList = 223F85F11F7AA7240073A455 /* Build configuration list for PBXProject "App To Rich" */;
			compatibilityVersion = "Xcode 3.2";
			developmentRegion = English;
			hasScannedForEncodings = 0;
			knownRegions = (
				en,
				Base,
			);
			mainGroup = 223F85ED1F7AA7240073A455;
			productRefGroup = 223F85F71F7AA7250073A455 /* Products */;
			projectDirPath = "";
			projectRoot = "";
			targets = (
				223F85F51F7AA7250073A455 /* App To Rich */,
			);
		};
/* End PBXProject section */

/* Begin PBXResourcesBuildPhase section */
		223F85F41F7AA7250073A455 /* Resources */ = {
			isa = PBXResourcesBuildPhase;
			buildActionMask = 2147483647;
			files = (
				223F86041F7AA7250073A455 /* LaunchScreen.storyboard in Resources */,
				223F86011F7AA7250073A455 /* Assets.xcassets in Resources */,
				223F85FF1F7AA7250073A455 /* Main.storyboard in Resources */,
			);
			runOnlyForDeploymentPostprocessing = 0;
		};
/* End PBXResourcesBuildPhase section */

/* Begin PBXShellScriptBuildPhase section */
		8BBB0DB0F8EF70C9DCF2DD23 /* [CP] Check Pods Manifest.lock */ = {
			isa = PBXShellScriptBuildPhase;
			buildActionMask = 2147483647;
			files = (
			);
			inputPaths = (
			);
			name = "[CP] Check Pods Manifest.lock";
			outputPaths = (
			);
			runOnlyForDeploymentPostprocessing = 0;
			shellPath = /bin/sh;
			shellScript = "diff \"${PODS_PODFILE_DIR_PATH}/Podfile.lock\" \"${PODS_ROOT}/Manifest.lock\" > /dev/null\nif [ $? != 0 ] ; then\n    # print error to STDERR\n    echo \"error: The sandbox is not in sync with the Podfile.lock. Run 'pod install' or update your CocoaPods installation.\" >&2\n    exit 1\nfi\n";
			showEnvVarsInLog = 0;
		};
		B7714476991ED41E723FDF00 /* [CP] Embed Pods Frameworks */ = {
			isa = PBXShellScriptBuildPhase;
			buildActionMask = 2147483647;
			files = (
			);
			inputPaths = (
			);
			name = "[CP] Embed Pods Frameworks";
			outputPaths = (
			);
			runOnlyForDeploymentPostprocessing = 0;
			shellPath = /bin/sh;
			shellScript = "\"${SRCROOT}/Pods/Target Support Files/Pods-App To Rich/Pods-App To Rich-frameworks.sh\"\n";
			showEnvVarsInLog = 0;
		};
		F4B8B063D4722FBE4005E6A5 /* [CP] Copy Pods Resources */ = {
			isa = PBXShellScriptBuildPhase;
			buildActionMask = 2147483647;
			files = (
			);
			inputPaths = (
			);
			name = "[CP] Copy Pods Resources";
			outputPaths = (
			);
			runOnlyForDeploymentPostprocessing = 0;
			shellPath = /bin/sh;
			shellScript = "\"${SRCROOT}/Pods/Target Support Files/Pods-App To Rich/Pods-App To Rich-resources.sh\"\n";
			showEnvVarsInLog = 0;
		};
/* End PBXShellScriptBuildPhase section */

/* Begin PBXSourcesBuildPhase section */
		223F85F21F7AA7250073A455 /* Sources */ = {
			isa = PBXSourcesBuildPhase;
			buildActionMask = 2147483647;
			files = (
				223F85FC1F7AA7250073A455 /* ViewController.swift in Sources */,
				223F85FA1F7AA7250073A455 /* AppDelegate.swift in Sources */,
			);
			runOnlyForDeploymentPostprocessing = 0;
		};
/* End PBXSourcesBuildPhase section */

/* Begin PBXVariantGroup section */
		223F85FD1F7AA7250073A455 /* Main.storyboard */ = {
			isa = PBXVariantGroup;
			children = (
				223F85FE1F7AA7250073A455 /* Base */,
			);
			name = Main.storyboard;
			sourceTree = "<group>";
		};
		223F86021F7AA7250073A455 /* LaunchScreen.storyboard */ = {
			isa = PBXVariantGroup;
			children = (
				223F86031F7AA7250073A455 /* Base */,
			);
			name = LaunchScreen.storyboard;
			sourceTree = "<group>";
		};
/* End PBXVariantGroup section */

/* Begin XCBuildConfiguration section */
		223F86061F7AA7250073A455 /* Debug */ = {
			isa = XCBuildConfiguration;
			buildSettings = {
				ALWAYS_SEARCH_USER_PATHS = NO;
				CLANG_ANALYZER_NONNULL = YES;
				CLANG_CXX_LANGUAGE_STANDARD = "gnu++0x";
				CLANG_CXX_LIBRARY = "libc++";
				CLANG_ENABLE_MODULES = YES;
				CLANG_ENABLE_OBJC_ARC = YES;
				CLANG_WARN_BOOL_CONVERSION = YES;
				CLANG_WARN_CONSTANT_CONVERSION = YES;
				CLANG_WARN_DIRECT_OBJC_ISA_USAGE = YES_ERROR;
				CLANG_WARN_DOCUMENTATION_COMMENTS = YES;
				CLANG_WARN_EMPTY_BODY = YES;
				CLANG_WARN_ENUM_CONVERSION = YES;
				CLANG_WARN_INFINITE_RECURSION = YES;
				CLANG_WARN_INT_CONVERSION = YES;
				CLANG_WARN_OBJC_ROOT_CLASS = YES_ERROR;
				CLANG_WARN_SUSPICIOUS_MOVE = YES;
				CLANG_WARN_UNREACHABLE_CODE = YES;
				CLANG_WARN__DUPLICATE_METHOD_MATCH = YES;
				"CODE_SIGN_IDENTITY[sdk=iphoneos*]" = "iPhone Developer";
				COPY_PHASE_STRIP = NO;
				DEBUG_INFORMATION_FORMAT = dwarf;
				ENABLE_STRICT_OBJC_MSGSEND = YES;
				ENABLE_TESTABILITY = YES;
				GCC_C_LANGUAGE_STANDARD = gnu99;
				GCC_DYNAMIC_NO_PIC = NO;
				GCC_NO_COMMON_BLOCKS = YES;
				GCC_OPTIMIZATION_LEVEL = 0;
				GCC_PREPROCESSOR_DEFINITIONS = (
					"DEBUG=1",
					"$(inherited)",
				);
				GCC_WARN_64_TO_32_BIT_CONVERSION = YES;
				GCC_WARN_ABOUT_RETURN_TYPE = YES_ERROR;
				GCC_WARN_UNDECLARED_SELECTOR = YES;
				GCC_WARN_UNINITIALIZED_AUTOS = YES_AGGRESSIVE;
				GCC_WARN_UNUSED_FUNCTION = YES;
				GCC_WARN_UNUSED_VARIABLE = YES;
				IPHONEOS_DEPLOYMENT_TARGET = 10.2;
				MTL_ENABLE_DEBUG_INFO = YES;
				ONLY_ACTIVE_ARCH = YES;
				SDKROOT = iphoneos;
				SWIFT_ACTIVE_COMPILATION_CONDITIONS = DEBUG;
				SWIFT_OPTIMIZATION_LEVEL = "-Onone";
				TARGETED_DEVICE_FAMILY = "1,2";
			};
			name = Debug;
		};
		223F86071F7AA7250073A455 /* Release */ = {
			isa = XCBuildConfiguration;
			buildSettings = {
				ALWAYS_SEARCH_USER_PATHS = NO;
				CLANG_ANALYZER_NONNULL = YES;
				CLANG_CXX_LANGUAGE_STANDARD = "gnu++0x";
				CLANG_CXX_LIBRARY = "libc++";
				CLANG_ENABLE_MODULES = YES;
				CLANG_ENABLE_OBJC_ARC = YES;
				CLANG_WARN_BOOL_CONVERSION = YES;
				CLANG_WARN_CONSTANT_CONVERSION = YES;
				CLANG_WARN_DIRECT_OBJC_ISA_USAGE = YES_ERROR;
				CLANG_WARN_DOCUMENTATION_COMMENTS = YES;
				CLANG_WARN_EMPTY_BODY = YES;
				CLANG_WARN_ENUM_CONVERSION = YES;
				CLANG_WARN_INFINITE_RECURSION = YES;
				CLANG_WARN_INT_CONVERSION = YES;
				CLANG_WARN_OBJC_ROOT_CLASS = YES_ERROR;
				CLANG_WARN_SUSPICIOUS_MOVE = YES;
				CLANG_WARN_UNREACHABLE_CODE = YES;
				CLANG_WARN__DUPLICATE_METHOD_MATCH = YES;
				"CODE_SIGN_IDENTITY[sdk=iphoneos*]" = "iPhone Developer";
				COPY_PHASE_STRIP = NO;
				DEBUG_INFORMATION_FORMAT = "dwarf-with-dsym";
				ENABLE_NS_ASSERTIONS = NO;
				ENABLE_STRICT_OBJC_MSGSEND = YES;
				GCC_C_LANGUAGE_STANDARD = gnu99;
				GCC_NO_COMMON_BLOCKS = YES;
				GCC_WARN_64_TO_32_BIT_CONVERSION = YES;
				GCC_WARN_ABOUT_RETURN_TYPE = YES_ERROR;
				GCC_WARN_UNDECLARED_SELECTOR = YES;
				GCC_WARN_UNINITIALIZED_AUTOS = YES_AGGRESSIVE;
				GCC_WARN_UNUSED_FUNCTION = YES;
				GCC_WARN_UNUSED_VARIABLE = YES;
				IPHONEOS_DEPLOYMENT_TARGET = 10.2;
				MTL_ENABLE_DEBUG_INFO = NO;
				SDKROOT = iphoneos;
				SWIFT_OPTIMIZATION_LEVEL = "-Owholemodule";
				TARGETED_DEVICE_FAMILY = "1,2";
				VALIDATE_PRODUCT = YES;
			};
			name = Release;
		};
		223F86091F7AA7260073A455 /* Debug */ = {
			isa = XCBuildConfiguration;
			baseConfigurationReference = 814A38D98AC56540CFA308BB /* Pods-App To Rich.debug.xcconfig */;
			buildSettings = {
				ASSETCATALOG_COMPILER_APPICON_NAME = AppIcon;
				DEVELOPMENT_TEAM = BXR3K72MAT;
				INFOPLIST_FILE = "App To Rich/Info.plist";
				IPHONEOS_DEPLOYMENT_TARGET = 10.0;
				LD_RUNPATH_SEARCH_PATHS = "$(inherited) @executable_path/Frameworks";
				PRODUCT_BUNDLE_IDENTIFIER = "com.bd.App-To-Rich";
				PRODUCT_NAME = "$(TARGET_NAME)";
				SWIFT_VERSION = 3.0;
			};
			name = Debug;
		};
		223F860A1F7AA7260073A455 /* Release */ = {
			isa = XCBuildConfiguration;
			baseConfigurationReference = 83973B83222039C49BB80BE0 /* Pods-App To Rich.release.xcconfig */;
			buildSettings = {
				ASSETCATALOG_COMPILER_APPICON_NAME = AppIcon;
				DEVELOPMENT_TEAM = BXR3K72MAT;
				INFOPLIST_FILE = "App To Rich/Info.plist";
				IPHONEOS_DEPLOYMENT_TARGET = 10.0;
				LD_RUNPATH_SEARCH_PATHS = "$(inherited) @executable_path/Frameworks";
				PRODUCT_BUNDLE_IDENTIFIER = "com.bd.App-To-Rich";
				PRODUCT_NAME = "$(TARGET_NAME)";
				SWIFT_VERSION = 3.0;
			};
			name = Release;
		};
/* End XCBuildConfiguration section */

/* Begin XCConfigurationList section */
		223F85F11F7AA7240073A455 /* Build configuration list for PBXProject "App To Rich" */ = {
			isa = XCConfigurationList;
			buildConfigurations = (
				223F86061F7AA7250073A455 /* Debug */,
				223F86071F7AA7250073A455 /* Release */,
			);
			defaultConfigurationIsVisible = 0;
			defaultConfigurationName = Release;
		};
		223F86081F7AA7260073A455 /* Build configuration list for PBXNativeTarget "App To Rich" */ = {
			isa = XCConfigurationList;
			buildConfigurations = (
				223F86091F7AA7260073A455 /* Debug */,
				223F860A1F7AA7260073A455 /* Release */,
			);
			defaultConfigurationIsVisible = 0;
			defaultConfigurationName = Release;
		};
/* End XCConfigurationList section */
	};
	rootObject = 223F85EE1F7AA7240073A455 /* Project object */;
}
